
Microsoft Visual Studio Solution File, Format Version 12.00
# Visual Studio Version 16
VisualStudioVersion = 16.0.30114.105
MinimumVisualStudioVersion = 10.0.40219.1
Project("{FAE04EC0-301F-11D3-BF4B-00C04F79EFBC}") = "SignalRServer", "SignalRServer\SignalRServer.csproj", "{2B563F21-B029-46E3-8026-C093A6254C5F}"
EndProject
Project("{FAE04EC0-301F-11D3-BF4B-00C04F79EFBC}") = "BlazorClient", "BlazorClient\BlazorClient.csproj", "{4460DA6B-B767-4490-9704-B35B3E1F4A5B}"
EndProject
Global
	GlobalSection(SolutionConfigurationPlatforms) = preSolution
		Debug|Any CPU = Debug|Any CPU
		Release|Any CPU = Release|Any CPU
	EndGlobalSection
	GlobalSection(SolutionProperties) = preSolution
		HideSolutionNode = FALSE
	EndGlobalSection
	GlobalSection(ProjectConfigurationPlatforms) = postSolution
		{2B563F21-B029-46E3-8026-C093A6254C5F}.Debug|Any CPU.ActiveCfg = Debug|Any CPU
		{2B563F21-B029-46E3-8026-C093A6254C5F}.Debug|Any CPU.Build.0 = Debug|Any CPU
		{2B563F21-B029-46E3-8026-C093A6254C5F}.Release|Any CPU.ActiveCfg = Release|Any CPU
		{2B563F21-B029-46E3-8026-C093A6254C5F}.Release|Any CPU.Build.0 = Release|Any CPU
		{4460DA6B-B767-4490-9704-B35B3E1F4A5B}.Debug|Any CPU.ActiveCfg = Debug|Any CPU
		{4460DA6B-B767-4490-9704-B35B3E1F4A5B}.Debug|Any CPU.Build.0 = Debug|Any CPU
		{4460DA6B-B767-4490-9704-B35B3E1F4A5B}.Release|Any CPU.ActiveCfg = Release|Any CPU
		{4460DA6B-B767-4490-9704-B35B3E1F4A5B}.Release|Any CPU.Build.0 = Release|Any CPU
	EndGlobalSection
EndGlobal
